
Microsoft Visual Studio Solution File, Format Version 12.00
# Visual Studio Version 17
VisualStudioVersion = 17.11.35222.181
MinimumVisualStudioVersion = 10.0.40219.1
Project("{FAE04EC0-301F-11D3-BF4B-00C04F79EFBC}") = "taniecgowno", "taniecgowno\taniecgowno.csproj", "{1A21F5BA-F867-4554-AB20-E4767AB85C70}"
EndProject
Global
	GlobalSection(SolutionConfigurationPlatforms) = preSolution
		Debug|Any CPU = Debug|Any CPU
		Release|Any CPU = Release|Any CPU
	EndGlobalSection
	GlobalSection(ProjectConfigurationPlatforms) = postSolution
		{1A21F5BA-F867-4554-AB20-E4767AB85C70}.Debug|Any CPU.ActiveCfg = Debug|Any CPU
		{1A21F5BA-F867-4554-AB20-E4767AB85C70}.Debug|Any CPU.Build.0 = Debug|Any CPU
		{1A21F5BA-F867-4554-AB20-E4767AB85C70}.Release|Any CPU.ActiveCfg = Release|Any CPU
		{1A21F5BA-F867-4554-AB20-E4767AB85C70}.Release|Any CPU.Build.0 = Release|Any CPU
	EndGlobalSection
	GlobalSection(SolutionProperties) = preSolution
		HideSolutionNode = FALSE
	EndGlobalSection
	GlobalSection(ExtensibilityGlobals) = postSolution
		SolutionGuid = {39170CEA-3C9F-42F8-9B0D-C6572E718D8C}
	EndGlobalSection
EndGlobal
